github.com/creack/pty v1.1.9/go.mod h1:oKZEueFk5CKHvIhNR5MUki03XCEU+Q6VDXinZuGJ33E=
github.com/elmasy-com/columbus-sdk v0.0.0-20221105233234-b6057bc533c7 h1:lvmEz9kKE9k1h0OaEXC482kS/2UzUrFPG8AW9Pvud9M=
github.com/elmasy-com/columbus-sdk v0.0.0-20221105233234-b6057bc533c7/go.mod h1:zpnOQxRzeBP/fe5+KzGvp4oSi6+c/vSS09Vut5AUYC4=
github.com/elmasy-com/columbus-sdk v0.2.2 h1:9baG10i47kQPOxsx/25wPOIXtfCZO0TRSLf+5sjY7pw=
github.com/elmasy-com/columbus-sdk v0.2.2/go.mod h1:zpnOQxRzeBP/fe5+KzGvp4oSi6+c/vSS09Vut5AUYC4=
github.com/elmasy-com/elnet v0.0.0-20221029160656-c5d421724b19 h1:UeYLnkCJ+IIKnhyUT1gw4i50ZB7GwMUuOQYhG2evaA8=
github.com/elmasy-com/elnet v0.0.0-20221029160656-c5d421724b19/go.mod h1:EaR5V8oj5M+IbvWjiVdNqD/gmmYO1NEZEPllx8aLvOI=
github.com/elmasy-com/elnet v0.0.0-20221113174715-3e8d065056ee h1:Nk/BpLnVsiUz317DBx5kfB7DmAplxMHbPwq4Ns2vHLY=
github.com/elmasy-com/elnet v0.0.0-20221113174715-3e8d065056ee/go.mod h1:RtpuBBKp+kXX7hZAE5s7Y+db3RruHrEE/an3HxyXDH0=
github.com/elmasy-com/slices v0.0.0-20220420084118-01ac765fdcea h1:CuJ/8JdIKTAU0p/1ArsXhSafAvA9Fa7BFYl+XwMNzQo=
github.com/elmasy-com/slices v0.0.0-20220420084118-01ac765fdcea/go.mod h1:0DO/qXOgrnrXU44i+9JQzusxxxx6WPPW7WQeV/RJLLM=
github.com/g0rbe/certificate-transparency-go v0.0.0-20221007090707-00b7a0fc9ceb h1:rRjJ/0OTQ7Ons3F49Rsh5S0SsE9V5jjxn/gn3xqqJVg=
github.com/g0rbe/certificate-transparency-go v0.0.0-20221007090707-00b7a0fc9ceb/go.mod h1:PowEY0e6y779Jt3BHSxVGTp82MhWINMDIF6uNqtGqxw=
github.com/go-logr/logr v1.2.0/go.mod h1:jdQByPbusPIv2/zmleS9BjJVeZ6kBagPoEUsqbVz/1A=
github.com/go-logr/logr v1.2.3 h1:2DntVwHkVopvECVRSlL5PSo9eG+cAkDCuckLubN+rq0=
github.com/go-logr/logr v1.2.3/go.mod h1:jdQByPbusPIv2/zmleS9BjJVeZ6kBagPoEUsqbVz/1A=
github.com/golang/protobuf v1.5.0/go.mod h1:FsONVRAS9T7sI+LIUmWTfcYkHO4aIWwzhcaSAoJOfIk=
github.com/golang/protobuf v1.5.2 h1:ROPKBNFfQgOUMifHyP+KYbvpjbdoFNs+aK7DXlji0Tw=
github.com/golang/protobuf v1.5.2/go.mod h1:XVQd3VNwM+JqD3oG2Ue2ip4fOMUkwXdXDdiuN0vRsmY=
github.com/google/certificate-transparency-go v1.1.4 h1:hCyXHDbtqlr/lMXU0D4WgbalXL0Zk4dSWWMbPV8VrqY=
github.com/google/certificate-transparency-go v1.1.4/go.mod h1:D6lvbfwckhNrbM9WVl1EVeMOyzC19mpIjMOI4nxBHtQ=
github.com/google/go-cmp v0.5.5/go.mod h1:v8dTdLbMG2kIc/vJvl+f65V22dbkXbowE6jgT/gNBxE=
github.com/google/go-cmp v0.5.9 h1:O2Tfq5qg4qc4AmwVlvv0oLiVAGB7enBSJ2x2DqQFi38=
github.com/google/trillian v1.5.1-0.20220819043421-0a389c4bb8d9 h1:GFmzYtwUMi1S2mjLxfrJ/CZ9gWDG+zeLtZByg/QEBkk=
github.com/google/trillian v1.5.1-0.20220819043421-0a389c4bb8d9/go.mod h1:vywkS3p2SgNmPL7oAWqU5PiiknzRMp+ol3a19jfY2PQ=
github.com/kr/text v0.2.0 h1:5Nx0Ya0ZqY2ygV366QzturHI13Jq95ApcVaJBhpS+AY=
github.com/kr/text v0.2.0/go.mod h1:eLer722TekiGuMkidMxC/pM04lWEeraHUUmBw8l2grE=
github.com/niemeyer/pretty v0.0.0-20200227124842-a10e7caefd8e h1:fD57ERR4JtEqsWbfPhv4DMiApHyliiK5xCTNVSPiaAs=
golang.org/x/crypto v0.1.0 h1:MDRAIl0xIo9Io2xV565hzXHw3zVseKrJKodhohM5CjU=
golang.org/x/crypto v0.1.0/go.mod h1:RecgLatLF4+eUMCP1PoPZQb+cVrJcOPbHkTkbkB9sbw=
golang.org/x/crypto v0.3.0 h1:a06MkbcxBrEFc0w0QIZWXrH/9cCX6KJyWbBOIwAn+7A=
golang.org/x/crypto v0.3.0/go.mod h1:hebNnKkNXi2UzZN1eVRvBB7co0a+JxK6XbPiWVs/3J4=
golang.org/x/net v0.1.0 h1:hZ/3BUoy5aId7sCpA/Tc5lt8DkFgdVS2onTpJsZ/fl0=
golang.org/x/net v0.1.0/go.mod h1:Cx3nUiGt4eDBEyega/BKRp+/AlGL8hYe7U9odMt2Cco=
golang.org/x/net v0.2.0 h1:sZfSu1wtKLGlWI4ZZayP0ck9Y73K1ynO6gqzTdBVdPU=
golang.org/x/net v0.2.0/go.mod h1:KqCZLdyyvdV855qA2rE3GC2aiw5xGR5TEjj8smXukLY=
golang.org/x/sys v0.1.0 h1:kunALQeHf1/185U1i0GOB/fy1IPRDDpuoOOqRReG57U=
golang.org/x/text v0.4.0 h1:BrVqGRd7+k1DiOgtnFvAkoQEWQvBc25ouMJM6429SFg=
golang.org/x/xerrors v0.0.0-20191204190536-9bdfabe68543/go.mod h1:I/5z698sn9Ka8TeJc9MKroUUfqBBauWjQqLJ2OPfmY0=
google.golang.org/genproto v0.0.0-20221027153422-115e99e71e1c h1:QgY/XxIAIeccR+Ca/rDdKubLIU9rcJ3xfy1DC/Wd2Oo=
google.golang.org/genproto v0.0.0-20221027153422-115e99e71e1c/go.mod h1:CGI5F/G+E5bKwmfYo09AXuVN4dD894kIKUFmVbP2/Fo=
google.golang.org/genproto v0.0.0-20221116193143-41c2ba794472 h1:kIfItBRE5gkUKpH4H5lNGciZbka1JrmRli3ArqrKFkA=
google.golang.org/genproto v0.0.0-20221116193143-41c2ba794472/go.mod h1:rZS5c/ZVYMaOGBfO68GWtjOw/eLaZM1X6iVtgjZ+EWg=
google.golang.org/grpc v1.50.1 h1:DS/BukOZWp8s6p4Dt/tOaJaTQyPyOoCcrjroHuCeLzY=
google.golang.org/grpc v1.50.1/go.mod h1:ZgQEeidpAuNRZ8iRrlBKXZQP1ghovWIVhdJRyCDK+GI=
google.golang.org/protobuf v1.26.0-rc.1/go.mod h1:jlhhOSvTdKEhbULTjvd4ARK9grFBp09yW+WbY/TyQbw=
google.golang.org/protobuf v1.26.0/go.mod h1:9q0QmTI4eRPtz6boOQmLYwt+qCgq0jsYwAQnmE0givc=
google.golang.org/protobuf v1.28.1 h1:d0NfwRgPtno5B1Wa6L2DAG+KivqkdutMf1UhdNx175w=
google.golang.org/protobuf v1.28.1/go.mod h1:HV8QOd/L58Z+nl8r43ehVNZIU/HEI6OcFqwMG9pJV4I=
gopkg.in/check.v1 v0.0.0-20161208181325-20d25e280405/go.mod h1:Co6ibVJAznAaIkqp8huTwlJQCZ016jof/cbN4VW5Yz0=
gopkg.in/check.v1 v1.0.0-20200227125254-8fa46927fb4f h1:BLraFXnmrev5lT+xlilqcH8XK9/i0At2xKjWk4p6zsU=
gopkg.in/yaml.v3 v3.0.1 h1:fxVm/GzAzEWqLHuvctI91KS9hhNmmWOoWu0XTYJS7CA=
gopkg.in/yaml.v3 v3.0.1/go.mod h1:K4uyk7z7BCEPqu6E+C64Yfv1cQ7kz7rIZviUmN+EgEM=
k8s.io/klog/v2 v2.80.1 h1:atnLQ121W371wYYFawwYx1aEY2eUfs4l3J72wtgAwV4=
k8s.io/klog/v2 v2.80.1/go.mod h1:y1WjHnz7Dj687irZUWR/WLkLc5N1YHtjLdmgWjndZn0=
